dependencies:
  espressif/esp-serial-flasher:
    component_hash: dcc42a16712a1a636509cf0bf90e14032d7f2141784b533613b267b6aa318d52
    source:
      service_url: https://api.components.espressif.com/
      type: service
    version: 0.0.11
  espressif/esp_rcp_update:
    component_hash: 7479ecdbb35200ad0cc9fb09aa2dfbb807f46c861cf5b11ff00db56b591bf759
    source:
      service_url: https://api.components.espressif.com/
      type: service
    version: 1.0.2
  idf:
    component_hash: null
    source:
      type: idf
    version: 5.2.1
  network_config:
    component_hash: null
    source:
      path: C:\Users\asend\Projects\4300\threadnet\common\components\network_config
      type: local
    version: '*'
  network_state:
    component_hash: null
    source:
      path: C:\Users\asend\Projects\4300\threadnet\border-router\components\network_state
      type: local
    version: '*'
  thread_init:
    component_hash: null
    source:
      path: C:\Users\asend\Projects\4300\threadnet\border-router\components\thread_init
      type: local
    version: '*'
  wifi:
    component_hash: null
    source:
      path: C:\Users\asend\Projects\4300\threadnet\border-router\components\wifi
      type: local
    version: '*'
manifest_hash: 3f68796598a7284028fe2d4ebf59c33f4067264fdad05ad1ff3024c54439eacc
target: esp32s3
version: 1.0.0
