dependencies:
  espressif/led_strip:
    component_hash: 67d2744208e9c12d8b1992d21c979396c1726e57cb7e35e7c171c515be20f8ea
    source:
      service_url: https://api.components.espressif.com/
      type: service
    version: 2.5.3
  idf:
    component_hash: null
    source:
      type: idf
    version: 5.2.1
  led:
    component_hash: null
    source:
      path: C:\Users\asend\Projects\4300\threadnet\end-device\components\led
      type: local
    version: '*'
  network_config:
    component_hash: null
    source:
      path: C:\Users\asend\Projects\4300\threadnet\common\components\network_config
      type: local
    version: '*'
  network_state:
    component_hash: null
    source:
      path: C:\Users\asend\Projects\4300\threadnet\end-device\components\network_state
      type: local
    version: '*'
  thread_init:
    component_hash: null
    source:
      path: C:\Users\asend\Projects\4300\threadnet\end-device\components\thread_init
      type: local
    version: '*'
manifest_hash: 4b646821d880e8176330972d693a64553ca2cb5a2f607bb8c337c3406803391e
target: esp32c6
version: 1.0.0
