dependencies:
  espressif/led_strip:
    component_hash: 67d2744208e9c12d8b1992d21c979396c1726e57cb7e35e7c171c515be20f8ea
    source:
      service_url: https://api.components.espressif.com/
      type: service
    version: 2.5.3
  idf:
    component_hash: null
    source:
      type: idf
    version: 5.2.1
  led:
    component_hash: null
    source:
      path: /Users/landon/Developer/ESP32/threadnet/end-device/components/led
      type: local
    version: '*'
  network_config:
    component_hash: null
    source:
      path: /Users/landon/Developer/ESP32/threadnet/common/components/network_config
      type: local
    version: '*'
  network_state:
    component_hash: null
    source:
      path: /Users/landon/Developer/ESP32/threadnet/end-device/components/network_state
      type: local
    version: '*'
  test_runner:
    component_hash: null
    source:
      path: /Users/landon/Developer/ESP32/threadnet/end-device/components/test_runner
      type: local
    version: '*'
  thread_init:
    component_hash: null
    source:
      path: /Users/landon/Developer/ESP32/threadnet/end-device/components/thread_init
      type: local
    version: '*'
manifest_hash: 930a31578b08481b72176ce05232e5152f538024e2747666c270b81eec070366
target: esp32c6
version: 1.0.0
